// !$*UTF8*$!
{
	archiveVersion = 1;
	classes = {
	};
	objectVersion = 46;
	objects = {

/* Begin PBXBuildFile section */
		BE44C5E71CCC25D8000FAFFD /* AppDelegate.swift in Sources */ = {isa = PBXBuildFile; fileRef = BE44C5E61CCC25D8000FAFFD /* AppDelegate.swift */; };
		BE44C5E91CCC25D8000FAFFD /* ViewController.swift in Sources */ = {isa = PBXBuildFile; fileRef = BE44C5E81CCC25D8000FAFFD /* ViewController.swift */; };
		BE44C5EC1CCC25D8000FAFFD /* Main.storyboard in Resources */ = {isa = PBXBuildFile; fileRef = BE44C5EA1CCC25D8000FAFFD /* Main.storyboard */; };
		BE44C5EE1CCC25D8000FAFFD /* Assets.xcassets in Resources */ = {isa = PBXBuildFile; fileRef = BE44C5ED1CCC25D8000FAFFD /* Assets.xcassets */; };
		BE44C5F11CCC25D8000FAFFD /* LaunchScreen.storyboard in Resources */ = {isa = PBXBuildFile; fileRef = BE44C5EF1CCC25D8000FAFFD /* LaunchScreen.storyboard */; };
		BE44C5FB1CCC282E000FAFFD /* pokemon.csv in Resources */ = {isa = PBXBuildFile; fileRef = BE44C5FA1CCC282E000FAFFD /* pokemon.csv */; };
/* End PBXBuildFile section */

/* Begin PBXFileReference section */
		BE44C5E31CCC25D8000FAFFD /* Pokedex.app */ = {isa = PBXFileReference; explicitFileType = wrapper.application; includeInIndex = 0; path = Pokedex.app; sourceTree = BUILT_PRODUCTS_DIR; };
		BE44C5E61CCC25D8000FAFFD /* AppDelegate.swift */ = {isa = PBXFileReference; lastKnownFileType = sourcecode.swift; path = AppDelegate.swift; sourceTree = "<group>"; };
		BE44C5E81CCC25D8000FAFFD /* ViewController.swift */ = {isa = PBXFileReference; lastKnownFileType = sourcecode.swift; path = ViewController.swift; sourceTree = "<group>"; };
		BE44C5EB1CCC25D8000FAFFD /* Base */ = {isa = PBXFileReference; lastKnownFileType = file.storyboard; name = Base; path = Base.lproj/Main.storyboard; sourceTree = "<group>"; };
		BE44C5ED1CCC25D8000FAFFD /* Assets.xcassets */ = {isa = PBXFileReference; lastKnownFileType = folder.assetcatalog; path = Assets.xcassets; sourceTree = "<group>"; };
		BE44C5F01CCC25D8000FAFFD /* Base */ = {isa = PBXFileReference; lastKnownFileType = file.storyboard; name = Base; path = Base.lproj/LaunchScreen.storyboard; sourceTree = "<group>"; };
		BE44C5F21CCC25D8000FAFFD /* Info.plist */ = {isa = PBXFileReference; lastKnownFileType = text.plist.xml; path = Info.plist; sourceTree = "<group>"; };
		BE44C5FA1CCC282E000FAFFD /* pokemon.csv */ = {isa = PBXFileReference; fileEncoding = 4; lastKnownFileType = text; path = pokemon.csv; sourceTree = "<group>"; };
/* End PBXFileReference section */

/* Begin PBXFrameworksBuildPhase section */
		BE44C5E01CCC25D8000FAFFD /* Frameworks */ = {
			isa = PBXFrameworksBuildPhase;
			buildActionMask = 2147483647;
			files = (
			);
			runOnlyForDeploymentPostprocessing = 0;
		};
/* End PBXFrameworksBuildPhase section */

/* Begin PBXGroup section */
		BE44C5DA1CCC25D7000FAFFD = {
			isa = PBXGroup;
			children = (
				BE44C5E51CCC25D8000FAFFD /* Pokedex */,
				BE44C5E41CCC25D8000FAFFD /* Products */,
			);
			sourceTree = "<group>";
		};
		BE44C5E41CCC25D8000FAFFD /* Products */ = {
			isa = PBXGroup;
			children = (
				BE44C5E31CCC25D8000FAFFD /* Pokedex.app */,
			);
			name = Products;
			sourceTree = "<group>";
		};
		BE44C5E51CCC25D8000FAFFD /* Pokedex */ = {
			isa = PBXGroup;
			children = (
				BE44C5E61CCC25D8000FAFFD /* AppDelegate.swift */,
				BE44C5E81CCC25D8000FAFFD /* ViewController.swift */,
				BE44C5FA1CCC282E000FAFFD /* pokemon.csv */,
				BE44C5EA1CCC25D8000FAFFD /* Main.storyboard */,
				BE44C5ED1CCC25D8000FAFFD /* Assets.xcassets */,
				BE44C5EF1CCC25D8000FAFFD /* LaunchScreen.storyboard */,
				BE44C5F21CCC25D8000FAFFD /* Info.plist */,
			);
			path = Pokedex;
			sourceTree = "<group>";
		};
/* End PBXGroup section */

/* Begin PBXNativeTarget section */
		BE44C5E21CCC25D8000FAFFD /* Pokedex */ = {
			isa = PBXNativeTarget;
			buildConfigurationList = BE44C5F51CCC25D8000FAFFD /* Build configuration list for PBXNativeTarget "Pokedex" */;
			buildPhases = (
				BE44C5DF1CCC25D8000FAFFD /* Sources */,
				BE44C5E01CCC25D8000FAFFD /* Frameworks */,
				BE44C5E11CCC25D8000FAFFD /* Resources */,
			);
			buildRules = (
			);
			dependencies = (
			);
			name = Pokedex;
			productName = Pokedex;
			productReference = BE44C5E31CCC25D8000FAFFD /* Pokedex.app */;
			productType = "com.apple.product-type.application";
		};
/* End PBXNativeTarget section */

/* Begin PBXProject section */
		BE44C5DB1CCC25D7000FAFFD /* Project object */ = {
			isa = PBXProject;
			attributes = {
				LastSwiftUpdateCheck = 0730;
				LastUpgradeCheck = 0730;
				ORGANIZATIONNAME = "Henrique Dourado";
				TargetAttributes = {
					BE44C5E21CCC25D8000FAFFD = {
						CreatedOnToolsVersion = 7.3;
					};
				};
			};
			buildConfigurationList = BE44C5DE1CCC25D7000FAFFD /* Build configuration list for PBXProject "Pokedex" */;
			compatibilityVersion = "Xcode 3.2";
			developmentRegion = English;
			hasScannedForEncodings = 0;
			knownRegions = (
				en,
				Base,
			);
			mainGroup = BE44C5DA1CCC25D7000FAFFD;
			productRefGroup = BE44C5E41CCC25D8000FAFFD /* Products */;
			projectDirPath = "";
			projectRoot = "";
			targets = (
				BE44C5E21CCC25D8000FAFFD /* Pokedex */,
			);
		};
/* End PBXProject section */

/* Begin PBXResourcesBuildPhase section */
		BE44C5E11CCC25D8000FAFFD /* Resources */ = {
			isa = PBXResourcesBuildPhase;
			buildActionMask = 2147483647;
			files = (
				BE44C5F11CCC25D8000FAFFD /* LaunchScreen.storyboard in Resources */,
				BE44C5EE1CCC25D8000FAFFD /* Assets.xcassets in Resources */,
				BE44C5FB1CCC282E000FAFFD /* pokemon.csv in Resources */,
				BE44C5EC1CCC25D8000FAFFD /* Main.storyboard in Resources */,
			);
			runOnlyForDeploymentPostprocessing = 0;
		};
/* End PBXResourcesBuildPhase section */

/* Begin PBXSourcesBuildPhase section */
		BE44C5DF1CCC25D8000FAFFD /* Sources */ = {
			isa = PBXSourcesBuildPhase;
			buildActionMask = 2147483647;
			files = (
				BE44C5E91CCC25D8000FAFFD /* ViewController.swift in Sources */,
				BE44C5E71CCC25D8000FAFFD /* AppDelegate.swift in Sources */,
			);
			runOnlyForDeploymentPostprocessing = 0;
		};
/* End PBXSourcesBuildPhase section */

/* Begin PBXVariantGroup section */
		BE44C5EA1CCC25D8000FAFFD /* Main.storyboard */ = {
			isa = PBXVariantGroup;
			children = (
				BE44C5EB1CCC25D8000FAFFD /* Base */,
			);
			name = Main.storyboard;
			sourceTree = "<group>";
		};
		BE44C5EF1CCC25D8000FAFFD /* LaunchScreen.storyboard */ = {
			isa = PBXVariantGroup;
			children = (
				BE44C5F01CCC25D8000FAFFD /* Base */,
			);
			name = LaunchScreen.storyboard;
			sourceTree = "<group>";
		};
/* End PBXVariantGroup section */

/* Begin XCBuildConfiguration section */
		BE44C5F31CCC25D8000FAFFD /* Debug */ = {
			isa = XCBuildConfiguration;
			buildSettings = {
				ALWAYS_SEARCH_USER_PATHS = NO;
				CLANG_ANALYZER_NONNULL = YES;
				CLANG_CXX_LANGUAGE_STANDARD = "gnu++0x";
				CLANG_CXX_LIBRARY = "libc++";
				CLANG_ENABLE_MODULES = YES;
				CLANG_ENABLE_OBJC_ARC = YES;
				CLANG_WARN_BOOL_CONVERSION = YES;
				CLANG_WARN_CONSTANT_CONVERSION = YES;
				CLANG_WARN_DIRECT_OBJC_ISA_USAGE = YES_ERROR;
				CLANG_WARN_EMPTY_BODY = YES;
				CLANG_WARN_ENUM_CONVERSION = YES;
				CLANG_WARN_INT_CONVERSION = YES;
				CLANG_WARN_OBJC_ROOT_CLASS = YES_ERROR;
				CLANG_WARN_UNREACHABLE_CODE = YES;
				CLANG_WARN__DUPLICATE_METHOD_MATCH = YES;
				"CODE_SIGN_IDENTITY[sdk=iphoneos*]" = "iPhone Developer";
				COPY_PHASE_STRIP = NO;
				DEBUG_INFORMATION_FORMAT = dwarf;
				ENABLE_STRICT_OBJC_MSGSEND = YES;
				ENABLE_TESTABILITY = YES;
				GCC_C_LANGUAGE_STANDARD = gnu99;
				GCC_DYNAMIC_NO_PIC = NO;
				GCC_NO_COMMON_BLOCKS = YES;
				GCC_OPTIMIZATION_LEVEL = 0;
				GCC_PREPROCESSOR_DEFINITIONS = (
					"DEBUG=1",
					"$(inherited)",
				);
				GCC_WARN_64_TO_32_BIT_CONVERSION = YES;
				GCC_WARN_ABOUT_RETURN_TYPE = YES_ERROR;
				GCC_WARN_UNDECLARED_SELECTOR = YES;
				GCC_WARN_UNINITIALIZED_AUTOS = YES_AGGRESSIVE;
				GCC_WARN_UNUSED_FUNCTION = YES;
				GCC_WARN_UNUSED_VARIABLE = YES;
				IPHONEOS_DEPLOYMENT_TARGET = 9.3;
				MTL_ENABLE_DEBUG_INFO = YES;
				ONLY_ACTIVE_ARCH = YES;
				SDKROOT = iphoneos;
				SWIFT_OPTIMIZATION_LEVEL = "-Onone";
				TARGETED_DEVICE_FAMILY = "1,2";
			};
			name = Debug;
		};
		BE44C5F41CCC25D8000FAFFD /* Release */ = {
			isa = XCBuildConfiguration;
			buildSettings = {
				ALWAYS_SEARCH_USER_PATHS = NO;
				CLANG_ANALYZER_NONNULL = YES;
				CLANG_CXX_LANGUAGE_STANDARD = "gnu++0x";
				CLANG_CXX_LIBRARY = "libc++";
				CLANG_ENABLE_MODULES = YES;
				CLANG_ENABLE_OBJC_ARC = YES;
				CLANG_WARN_BOOL_CONVERSION = YES;
				CLANG_WARN_CONSTANT_CONVERSION = YES;
				CLANG_WARN_DIRECT_OBJC_ISA_USAGE = YES_ERROR;
				CLANG_WARN_EMPTY_BODY = YES;
				CLANG_WARN_ENUM_CONVERSION = YES;
				CLANG_WARN_INT_CONVERSION = YES;
				CLANG_WARN_OBJC_ROOT_CLASS = YES_ERROR;
				CLANG_WARN_UNREACHABLE_CODE = YES;
				CLANG_WARN__DUPLICATE_METHOD_MATCH = YES;
				"CODE_SIGN_IDENTITY[sdk=iphoneos*]" = "iPhone Developer";
				COPY_PHASE_STRIP = NO;
				DEBUG_INFORMATION_FORMAT = "dwarf-with-dsym";
				ENABLE_NS_ASSERTIONS = NO;
				ENABLE_STRICT_OBJC_MSGSEND = YES;
				GCC_C_LANGUAGE_STANDARD = gnu99;
				GCC_NO_COMMON_BLOCKS = YES;
				GCC_WARN_64_TO_32_BIT_CONVERSION = YES;
				GCC_WARN_ABOUT_RETURN_TYPE = YES_ERROR;
				GCC_WARN_UNDECLARED_SELECTOR = YES;
				GCC_WARN_UNINITIALIZED_AUTOS = YES_AGGRESSIVE;
				GCC_WARN_UNUSED_FUNCTION = YES;
				GCC_WARN_UNUSED_VARIABLE = YES;
				IPHONEOS_DEPLOYMENT_TARGET = 9.3;
				MTL_ENABLE_DEBUG_INFO = NO;
				SDKROOT = iphoneos;
				TARGETED_DEVICE_FAMILY = "1,2";
				VALIDATE_PRODUCT = YES;
			};
			name = Release;
		};
		BE44C5F61CCC25D8000FAFFD /* Debug */ = {
			isa = XCBuildConfiguration;
			buildSettings = {
				ASSETCATALOG_COMPILER_APPICON_NAME = AppIcon;
				INFOPLIST_FILE = Pokedex/Info.plist;
				LD_RUNPATH_SEARCH_PATHS = "$(inherited) @executable_path/Frameworks";
				PRODUCT_BUNDLE_IDENTIFIER = com.Henrique.Pokedex;
				PRODUCT_NAME = "$(TARGET_NAME)";
			};
			name = Debug;
		};
		BE44C5F71CCC25D8000FAFFD /* Release */ = {
			isa = XCBuildConfiguration;
			buildSettings = {
				ASSETCATALOG_COMPILER_APPICON_NAME = AppIcon;
				INFOPLIST_FILE = Pokedex/Info.plist;
				LD_RUNPATH_SEARCH_PATHS = "$(inherited) @executable_path/Frameworks";
				PRODUCT_BUNDLE_IDENTIFIER = com.Henrique.Pokedex;
				PRODUCT_NAME = "$(TARGET_NAME)";
			};
			name = Release;
		};
/* End XCBuildConfiguration section */

/* Begin XCConfigurationList section */
		BE44C5DE1CCC25D7000FAFFD /* Build configuration list for PBXProject "Pokedex" */ = {
			isa = XCConfigurationList;
			buildConfigurations = (
				BE44C5F31CCC25D8000FAFFD /* Debug */,
				BE44C5F41CCC25D8000FAFFD /* Release */,
			);
			defaultConfigurationIsVisible = 0;
			defaultConfigurationName = Release;
		};
		BE44C5F51CCC25D8000FAFFD /* Build configuration list for PBXNativeTarget "Pokedex" */ = {
			isa = XCConfigurationList;
			buildConfigurations = (
				BE44C5F61CCC25D8000FAFFD /* Debug */,
				BE44C5F71CCC25D8000FAFFD /* Release */,
			);
			defaultConfigurationIsVisible = 0;
		};
/* End XCConfigurationList section */
	};
	rootObject = BE44C5DB1CCC25D7000FAFFD /* Project object */;
}
